
Microsoft Visual Studio Solution File, Format Version 12.00
# Visual Studio Version 17
VisualStudioVersion = 17.7.34202.233
MinimumVisualStudioVersion = 10.0.40219.1
Project("{FAE04EC0-301F-11D3-BF4B-00C04F79EFBC}") = "VeezetaAPI", "VeezetaAPI\VeezetaAPI.csproj", "{7EF6EF7F-E9F0-4B57-8696-6F7F4914041F}"
EndProject
Global
	GlobalSection(SolutionConfigurationPlatforms) = preSolution
		Debug|Any CPU = Debug|Any CPU
		Release|Any CPU = Release|Any CPU
	EndGlobalSection
	GlobalSection(ProjectConfigurationPlatforms) = postSolution
		{7EF6EF7F-E9F0-4B57-8696-6F7F4914041F}.Debug|Any CPU.ActiveCfg = Debug|Any CPU
		{7EF6EF7F-E9F0-4B57-8696-6F7F4914041F}.Debug|Any CPU.Build.0 = Debug|Any CPU
		{7EF6EF7F-E9F0-4B57-8696-6F7F4914041F}.Release|Any CPU.ActiveCfg = Release|Any CPU
		{7EF6EF7F-E9F0-4B57-8696-6F7F4914041F}.Release|Any CPU.Build.0 = Release|Any CPU
	EndGlobalSection
	GlobalSection(SolutionProperties) = preSolution
		HideSolutionNode = FALSE
	EndGlobalSection
	GlobalSection(ExtensibilityGlobals) = postSolution
		SolutionGuid = {A1C76CA7-65E4-4FE0-B60E-494B87C06683}
	EndGlobalSection
EndGlobal
